
Microsoft Visual Studio Solution File, Format Version 12.00
# Visual Studio Version 17
VisualStudioVersion = 17.4.33110.190
MinimumVisualStudioVersion = 10.0.40219.1
Project("{FAE04EC0-301F-11D3-BF4B-00C04F79EFBC}") = "Cookie-Behavior", "Cookie-Behavior\Cookie-Behavior.csproj", "{DC0ACA67-DA89-4F3F-96F6-AE83E863BAB2}"
EndProject
Global
	GlobalSection(SolutionConfigurationPlatforms) = preSolution
		Debug|Any CPU = Debug|Any CPU
		Release|Any CPU = Release|Any CPU
	EndGlobalSection
	GlobalSection(ProjectConfigurationPlatforms) = postSolution
		{DC0ACA67-DA89-4F3F-96F6-AE83E863BAB2}.Debug|Any CPU.ActiveCfg = Debug|Any CPU
		{DC0ACA67-DA89-4F3F-96F6-AE83E863BAB2}.Debug|Any CPU.Build.0 = Debug|Any CPU
		{DC0ACA67-DA89-4F3F-96F6-AE83E863BAB2}.Release|Any CPU.ActiveCfg = Release|Any CPU
		{DC0ACA67-DA89-4F3F-96F6-AE83E863BAB2}.Release|Any CPU.Build.0 = Release|Any CPU
	EndGlobalSection
	GlobalSection(SolutionProperties) = preSolution
		HideSolutionNode = FALSE
	EndGlobalSection
	GlobalSection(ExtensibilityGlobals) = postSolution
		SolutionGuid = {FCD39143-3917-46A8-A5CE-F1B23448E79B}
	EndGlobalSection
EndGlobal
